
Microsoft Visual Studio Solution File, Format Version 12.00
# Visual Studio Version 16
VisualStudioVersion = 16.0.30330.147
MinimumVisualStudioVersion = 10.0.40219.1
Project("{9A19103F-16F7-4668-BE54-9A1E7A4F7556}") = "SimpleAutoCorrect", "SimpleAutoCorrect.csproj", "{B4A28788-CC1C-470F-9D6C-91382D0D2909}"
EndProject
Global
	GlobalSection(SolutionConfigurationPlatforms) = preSolution
		Debug|Any CPU = Debug|Any CPU
		Release|Any CPU = Release|Any CPU
	EndGlobalSection
	GlobalSection(ProjectConfigurationPlatforms) = postSolution
		{B4A28788-CC1C-470F-9D6C-91382D0D2909}.Debug|Any CPU.ActiveCfg = Debug|Any CPU
		{B4A28788-CC1C-470F-9D6C-91382D0D2909}.Debug|Any CPU.Build.0 = Debug|Any CPU
		{B4A28788-CC1C-470F-9D6C-91382D0D2909}.Release|Any CPU.ActiveCfg = Release|Any CPU
		{B4A28788-CC1C-470F-9D6C-91382D0D2909}.Release|Any CPU.Build.0 = Release|Any CPU
	EndGlobalSection
	GlobalSection(SolutionProperties) = preSolution
		HideSolutionNode = FALSE
	EndGlobalSection
	GlobalSection(ExtensibilityGlobals) = postSolution
		SolutionGuid = {7A348B24-AE28-43C3-B624-E8AAA5223CBA}
	EndGlobalSection
EndGlobal
